
Microsoft Visual Studio Solution File, Format Version 12.00
# Visual Studio Version 17
VisualStudioVersion = 17.14.36109.1
MinimumVisualStudioVersion = 10.0.40219.1
Project("{FAE04EC0-301F-11D3-BF4B-00C04F79EFBC}") = "HomeMadeSpicePOS", "HomeMadeSpicePOS\HomeMadeSpicePOS.csproj", "{289C5867-D1CC-403C-B96B-FDCFCE149754}"
EndProject
Global
	GlobalSection(SolutionConfigurationPlatforms) = preSolution
		Debug|Any CPU = Debug|Any CPU
		Release|Any CPU = Release|Any CPU
	EndGlobalSection
	GlobalSection(ProjectConfigurationPlatforms) = postSolution
		{289C5867-D1CC-403C-B96B-FDCFCE149754}.Debug|Any CPU.ActiveCfg = Debug|Any CPU
		{289C5867-D1CC-403C-B96B-FDCFCE149754}.Debug|Any CPU.Build.0 = Debug|Any CPU
		{289C5867-D1CC-403C-B96B-FDCFCE149754}.Release|Any CPU.ActiveCfg = Release|Any CPU
		{289C5867-D1CC-403C-B96B-FDCFCE149754}.Release|Any CPU.Build.0 = Release|Any CPU
	EndGlobalSection
	GlobalSection(SolutionProperties) = preSolution
		HideSolutionNode = FALSE
	EndGlobalSection
	GlobalSection(ExtensibilityGlobals) = postSolution
		SolutionGuid = {E3A43FD5-5D82-4455-97DF-F158097B4739}
	EndGlobalSection
EndGlobal
